
Microsoft Visual Studio Solution File, Format Version 12.00
# Visual Studio Version 16
VisualStudioVersion = 16.0.30804.86
MinimumVisualStudioVersion = 10.0.40219.1
Project("{FAE04EC0-301F-11D3-BF4B-00C04F79EFBC}") = "SecurityLevel", "SecurityLevel\SecurityLevel.csproj", "{DB73A9A7-25C5-4E96-AD16-CE4518DBB959}"
EndProject
Project("{2150E333-8FDC-42A3-9474-1A3956D46DE8}") = "PlayGround", "PlayGround", "{8A60ECD2-851B-473B-A631-12570942A9A1}"
EndProject
Project("{FAE04EC0-301F-11D3-BF4B-00C04F79EFBC}") = "ApiOne", "ApiOne\ApiOne.csproj", "{45C9F121-636E-4C6B-B874-9CF304304E78}"
EndProject
Project("{FAE04EC0-301F-11D3-BF4B-00C04F79EFBC}") = "AuthServer", "AuthServer\AuthServer.csproj", "{6C2B1230-D069-4201-A997-F9941FB5FC7B}"
EndProject
Project("{FAE04EC0-301F-11D3-BF4B-00C04F79EFBC}") = "ApiTwo", "ApiTwo\ApiTwo.csproj", "{DEA9FE6E-14D5-4892-9E96-DA34D0092C27}"
EndProject
Global
	GlobalSection(SolutionConfigurationPlatforms) = preSolution
		Debug|Any CPU = Debug|Any CPU
		Release|Any CPU = Release|Any CPU
	EndGlobalSection
	GlobalSection(ProjectConfigurationPlatforms) = postSolution
		{DB73A9A7-25C5-4E96-AD16-CE4518DBB959}.Debug|Any CPU.ActiveCfg = Debug|Any CPU
		{DB73A9A7-25C5-4E96-AD16-CE4518DBB959}.Debug|Any CPU.Build.0 = Debug|Any CPU
		{DB73A9A7-25C5-4E96-AD16-CE4518DBB959}.Release|Any CPU.ActiveCfg = Release|Any CPU
		{DB73A9A7-25C5-4E96-AD16-CE4518DBB959}.Release|Any CPU.Build.0 = Release|Any CPU
		{45C9F121-636E-4C6B-B874-9CF304304E78}.Debug|Any CPU.ActiveCfg = Debug|Any CPU
		{45C9F121-636E-4C6B-B874-9CF304304E78}.Debug|Any CPU.Build.0 = Debug|Any CPU
		{45C9F121-636E-4C6B-B874-9CF304304E78}.Release|Any CPU.ActiveCfg = Release|Any CPU
		{45C9F121-636E-4C6B-B874-9CF304304E78}.Release|Any CPU.Build.0 = Release|Any CPU
		{45C9F121-636E-4C6B-B874-9CF304304E78}.Debug|Any CPU.Deploy.0 = Debug|Any CPU
		{6C2B1230-D069-4201-A997-F9941FB5FC7B}.Debug|Any CPU.ActiveCfg = Debug|Any CPU
		{6C2B1230-D069-4201-A997-F9941FB5FC7B}.Debug|Any CPU.Build.0 = Debug|Any CPU
		{6C2B1230-D069-4201-A997-F9941FB5FC7B}.Release|Any CPU.ActiveCfg = Release|Any CPU
		{6C2B1230-D069-4201-A997-F9941FB5FC7B}.Release|Any CPU.Build.0 = Release|Any CPU
		{6C2B1230-D069-4201-A997-F9941FB5FC7B}.Debug|Any CPU.Deploy.0 = Debug|Any CPU
		{DEA9FE6E-14D5-4892-9E96-DA34D0092C27}.Debug|Any CPU.ActiveCfg = Debug|Any CPU
		{DEA9FE6E-14D5-4892-9E96-DA34D0092C27}.Debug|Any CPU.Build.0 = Debug|Any CPU
		{DEA9FE6E-14D5-4892-9E96-DA34D0092C27}.Release|Any CPU.ActiveCfg = Release|Any CPU
		{DEA9FE6E-14D5-4892-9E96-DA34D0092C27}.Release|Any CPU.Build.0 = Release|Any CPU
		{DEA9FE6E-14D5-4892-9E96-DA34D0092C27}.Debug|Any CPU.Deploy.0 = Debug|Any CPU
	EndGlobalSection
	GlobalSection(SolutionProperties) = preSolution
		HideSolutionNode = FALSE
	EndGlobalSection
	GlobalSection(ExtensibilityGlobals) = postSolution
		SolutionGuid = {24BDC346-07EB-4FDB-A784-3D8FABD9A3DC}
	EndGlobalSection
	GlobalSection(NestedProjects) = preSolution
		{45C9F121-636E-4C6B-B874-9CF304304E78} = {8A60ECD2-851B-473B-A631-12570942A9A1}
		{6C2B1230-D069-4201-A997-F9941FB5FC7B} = {8A60ECD2-851B-473B-A631-12570942A9A1}
		{DEA9FE6E-14D5-4892-9E96-DA34D0092C27} = {8A60ECD2-851B-473B-A631-12570942A9A1}
	EndGlobalSection
EndGlobal
