
Microsoft Visual Studio Solution File, Format Version 12.00
# Visual Studio Version 16
VisualStudioVersion = 16.0.30804.86
MinimumVisualStudioVersion = 10.0.40219.1
Project("{FAE04EC0-301F-11D3-BF4B-00C04F79EFBC}") = "SecurityLevel", "SecurityLevel\SecurityLevel.csproj", "{DB73A9A7-25C5-4E96-AD16-CE4518DBB959}"
EndProject
Project("{2150E333-8FDC-42A3-9474-1A3956D46DE8}") = "ClientCredentials", "ClientCredentials", "{BE2D05B3-2267-4B3B-83B2-52D31BD8EBD7}"
ProjectSection(SolutionItems) = preProject
	ClientCredentials\test.http = ClientCredentials\test.http
EndProjectSection
EndProject
Project("{FAE04EC0-301F-11D3-BF4B-00C04F79EFBC}") = "ClientCredentials.IdentityServer", "ClientCredentials\IdentityServer\ClientCredentials.IdentityServer.csproj", "{9DF71141-7BB4-4A77-88FF-C63593A102CC}"
EndProject
Project("{FAE04EC0-301F-11D3-BF4B-00C04F79EFBC}") = "ClientCredentials.IdentityApi", "ClientCredentials\IdentityApi\ClientCredentials.IdentityApi.csproj", "{EA7BAF51-B283-4DB0-A4E4-FB7C25FA6E7A}"
EndProject
Project("{FAE04EC0-301F-11D3-BF4B-00C04F79EFBC}") = "ClientCredentials.IdentityMvc", "ClientCredentials\IdentityMvc\ClientCredentials.IdentityMvc.csproj", "{27F2FA4D-7247-47B1-9588-06C1C7D6BA23}"
EndProject
Project("{2150E333-8FDC-42A3-9474-1A3956D46DE8}") = "Password", "Password", "{633E5F66-2367-4B14-BFF1-41DE21241412}"
ProjectSection(SolutionItems) = preProject
	Password\test.http = Password\test.http
EndProjectSection
EndProject
Project("{FAE04EC0-301F-11D3-BF4B-00C04F79EFBC}") = "Password.IdentityApi", "Password\Password.IdentityApi\Password.IdentityApi.csproj", "{A5490BB5-A2C3-4839-AB94-2B91A18D73D8}"
EndProject
Project("{FAE04EC0-301F-11D3-BF4B-00C04F79EFBC}") = "Password.IdentityMvc", "Password\Password.IdentityMvc\Password.IdentityMvc.csproj", "{72E74FBC-259F-4071-88EF-A7DE991ACAEF}"
EndProject
Project("{FAE04EC0-301F-11D3-BF4B-00C04F79EFBC}") = "Password.IdentityServer", "Password\Password.IdentityServer\Password.IdentityServer.csproj", "{2FD48DDC-90B7-4BE6-A02D-5EB5CDC99033}"
EndProject
Project("{2150E333-8FDC-42A3-9474-1A3956D46DE8}") = "Implicit", "Implicit", "{18280BD6-E3BC-443F-A8DA-B4A5EEC3981D}"
EndProject
Project("{FAE04EC0-301F-11D3-BF4B-00C04F79EFBC}") = "Implicit.IdentityApi", "Implicit\Implicit.IdentityApi\Implicit.IdentityApi.csproj", "{CC8EF2DD-4AC1-43E2-B669-34ABA0A16B65}"
EndProject
Project("{FAE04EC0-301F-11D3-BF4B-00C04F79EFBC}") = "Implicit.IdentityServer", "Implicit\Implicit.IdentityServer\Implicit.IdentityServer.csproj", "{7B91FB41-1A52-4129-B0FB-2DB519D6D27E}"
EndProject
Project("{FAE04EC0-301F-11D3-BF4B-00C04F79EFBC}") = "Implicit.IdentityMvc", "Implicit\Implicit.IdentityMvc\Implicit.IdentityMvc.csproj", "{5A0F27C8-B4B6-4417-A83E-2EA104862E93}"
EndProject
Project("{2150E333-8FDC-42A3-9474-1A3956D46DE8}") = "Code", "Code", "{6AE6CBFC-045E-48DE-978D-66D8351E6D0B}"
EndProject
Project("{FAE04EC0-301F-11D3-BF4B-00C04F79EFBC}") = "Code.IdentityApi", "Code\Code.IdentityApi\Code.IdentityApi.csproj", "{5F01A435-2FD3-471D-832B-4412BA866F94}"
EndProject
Project("{FAE04EC0-301F-11D3-BF4B-00C04F79EFBC}") = "Code.IdentityServer", "Code\Code.IdentityServer\Code.IdentityServer.csproj", "{885C2723-49AF-46A1-AAB6-1651F5E6E103}"
EndProject
Project("{FAE04EC0-301F-11D3-BF4B-00C04F79EFBC}") = "Code.IdentityMvc", "Code\Code.IdentityMvc\Code.IdentityMvc.csproj", "{E293A703-5695-482B-94AA-BDF96D5393BA}"
EndProject
Project("{2150E333-8FDC-42A3-9474-1A3956D46DE8}") = "OAUTH", "OAUTH", "{BBBFCBC3-3AF4-4B6D-910D-2984CB76C3F7}"
EndProject
Project("{2150E333-8FDC-42A3-9474-1A3956D46DE8}") = "OIDC", "OIDC", "{169522D1-42EE-4D6E-94D0-9FFB3C01F3C0}"
EndProject
Project("{2150E333-8FDC-42A3-9474-1A3956D46DE8}") = "OIDC.Implicit", "OIDC.Implicit", "{4A0BFB97-6565-472D-A9B1-3DF458C5AF14}"
EndProject
Project("{FAE04EC0-301F-11D3-BF4B-00C04F79EFBC}") = "OIDC.Implicit.IdentityApi", "OIDC.Implicit\OIDC.Implicit.IdentityApi\OIDC.Implicit.IdentityApi.csproj", "{3D5BC926-D7C0-4D18-90CF-FA9093E3D7CF}"
EndProject
Project("{FAE04EC0-301F-11D3-BF4B-00C04F79EFBC}") = "OIDC.Implicit.IdentityMvc", "OIDC.Implicit\OIDC.Implicit.IdentityMvc\OIDC.Implicit.IdentityMvc.csproj", "{05070BFF-2028-4213-B82B-EEC9D1D5DDA3}"
EndProject
Project("{FAE04EC0-301F-11D3-BF4B-00C04F79EFBC}") = "OIDC.Implicit.IdentityServer", "OIDC.Implicit\OIDC.Implicit.IdentityServer\OIDC.Implicit.IdentityServer.csproj", "{09C47D48-EB70-4A06-8BDF-17855F129381}"
EndProject
Global
	GlobalSection(SolutionConfigurationPlatforms) = preSolution
		Debug|Any CPU = Debug|Any CPU
		Release|Any CPU = Release|Any CPU
	EndGlobalSection
	GlobalSection(ProjectConfigurationPlatforms) = postSolution
		{DB73A9A7-25C5-4E96-AD16-CE4518DBB959}.Debug|Any CPU.ActiveCfg = Debug|Any CPU
		{DB73A9A7-25C5-4E96-AD16-CE4518DBB959}.Debug|Any CPU.Build.0 = Debug|Any CPU
		{DB73A9A7-25C5-4E96-AD16-CE4518DBB959}.Release|Any CPU.ActiveCfg = Release|Any CPU
		{DB73A9A7-25C5-4E96-AD16-CE4518DBB959}.Release|Any CPU.Build.0 = Release|Any CPU
		{9DF71141-7BB4-4A77-88FF-C63593A102CC}.Debug|Any CPU.ActiveCfg = Debug|Any CPU
		{9DF71141-7BB4-4A77-88FF-C63593A102CC}.Debug|Any CPU.Build.0 = Debug|Any CPU
		{9DF71141-7BB4-4A77-88FF-C63593A102CC}.Release|Any CPU.ActiveCfg = Release|Any CPU
		{9DF71141-7BB4-4A77-88FF-C63593A102CC}.Release|Any CPU.Build.0 = Release|Any CPU
		{EA7BAF51-B283-4DB0-A4E4-FB7C25FA6E7A}.Debug|Any CPU.ActiveCfg = Debug|Any CPU
		{EA7BAF51-B283-4DB0-A4E4-FB7C25FA6E7A}.Debug|Any CPU.Build.0 = Debug|Any CPU
		{EA7BAF51-B283-4DB0-A4E4-FB7C25FA6E7A}.Release|Any CPU.ActiveCfg = Release|Any CPU
		{EA7BAF51-B283-4DB0-A4E4-FB7C25FA6E7A}.Release|Any CPU.Build.0 = Release|Any CPU
		{27F2FA4D-7247-47B1-9588-06C1C7D6BA23}.Debug|Any CPU.ActiveCfg = Debug|Any CPU
		{27F2FA4D-7247-47B1-9588-06C1C7D6BA23}.Debug|Any CPU.Build.0 = Debug|Any CPU
		{27F2FA4D-7247-47B1-9588-06C1C7D6BA23}.Release|Any CPU.ActiveCfg = Release|Any CPU
		{27F2FA4D-7247-47B1-9588-06C1C7D6BA23}.Release|Any CPU.Build.0 = Release|Any CPU
		{A5490BB5-A2C3-4839-AB94-2B91A18D73D8}.Debug|Any CPU.ActiveCfg = Debug|Any CPU
		{A5490BB5-A2C3-4839-AB94-2B91A18D73D8}.Debug|Any CPU.Build.0 = Debug|Any CPU
		{A5490BB5-A2C3-4839-AB94-2B91A18D73D8}.Release|Any CPU.ActiveCfg = Release|Any CPU
		{A5490BB5-A2C3-4839-AB94-2B91A18D73D8}.Release|Any CPU.Build.0 = Release|Any CPU
		{72E74FBC-259F-4071-88EF-A7DE991ACAEF}.Debug|Any CPU.ActiveCfg = Debug|Any CPU
		{72E74FBC-259F-4071-88EF-A7DE991ACAEF}.Debug|Any CPU.Build.0 = Debug|Any CPU
		{72E74FBC-259F-4071-88EF-A7DE991ACAEF}.Release|Any CPU.ActiveCfg = Release|Any CPU
		{72E74FBC-259F-4071-88EF-A7DE991ACAEF}.Release|Any CPU.Build.0 = Release|Any CPU
		{2FD48DDC-90B7-4BE6-A02D-5EB5CDC99033}.Debug|Any CPU.ActiveCfg = Debug|Any CPU
		{2FD48DDC-90B7-4BE6-A02D-5EB5CDC99033}.Debug|Any CPU.Build.0 = Debug|Any CPU
		{2FD48DDC-90B7-4BE6-A02D-5EB5CDC99033}.Release|Any CPU.ActiveCfg = Release|Any CPU
		{2FD48DDC-90B7-4BE6-A02D-5EB5CDC99033}.Release|Any CPU.Build.0 = Release|Any CPU
		{CC8EF2DD-4AC1-43E2-B669-34ABA0A16B65}.Debug|Any CPU.ActiveCfg = Debug|Any CPU
		{CC8EF2DD-4AC1-43E2-B669-34ABA0A16B65}.Debug|Any CPU.Build.0 = Debug|Any CPU
		{CC8EF2DD-4AC1-43E2-B669-34ABA0A16B65}.Release|Any CPU.ActiveCfg = Release|Any CPU
		{CC8EF2DD-4AC1-43E2-B669-34ABA0A16B65}.Release|Any CPU.Build.0 = Release|Any CPU
		{7B91FB41-1A52-4129-B0FB-2DB519D6D27E}.Debug|Any CPU.ActiveCfg = Debug|Any CPU
		{7B91FB41-1A52-4129-B0FB-2DB519D6D27E}.Debug|Any CPU.Build.0 = Debug|Any CPU
		{7B91FB41-1A52-4129-B0FB-2DB519D6D27E}.Release|Any CPU.ActiveCfg = Release|Any CPU
		{7B91FB41-1A52-4129-B0FB-2DB519D6D27E}.Release|Any CPU.Build.0 = Release|Any CPU
		{5A0F27C8-B4B6-4417-A83E-2EA104862E93}.Debug|Any CPU.ActiveCfg = Debug|Any CPU
		{5A0F27C8-B4B6-4417-A83E-2EA104862E93}.Debug|Any CPU.Build.0 = Debug|Any CPU
		{5A0F27C8-B4B6-4417-A83E-2EA104862E93}.Release|Any CPU.ActiveCfg = Release|Any CPU
		{5A0F27C8-B4B6-4417-A83E-2EA104862E93}.Release|Any CPU.Build.0 = Release|Any CPU
		{5F01A435-2FD3-471D-832B-4412BA866F94}.Debug|Any CPU.ActiveCfg = Debug|Any CPU
		{5F01A435-2FD3-471D-832B-4412BA866F94}.Debug|Any CPU.Build.0 = Debug|Any CPU
		{5F01A435-2FD3-471D-832B-4412BA866F94}.Release|Any CPU.ActiveCfg = Release|Any CPU
		{5F01A435-2FD3-471D-832B-4412BA866F94}.Release|Any CPU.Build.0 = Release|Any CPU
		{885C2723-49AF-46A1-AAB6-1651F5E6E103}.Debug|Any CPU.ActiveCfg = Debug|Any CPU
		{885C2723-49AF-46A1-AAB6-1651F5E6E103}.Debug|Any CPU.Build.0 = Debug|Any CPU
		{885C2723-49AF-46A1-AAB6-1651F5E6E103}.Release|Any CPU.ActiveCfg = Release|Any CPU
		{885C2723-49AF-46A1-AAB6-1651F5E6E103}.Release|Any CPU.Build.0 = Release|Any CPU
		{E293A703-5695-482B-94AA-BDF96D5393BA}.Debug|Any CPU.ActiveCfg = Debug|Any CPU
		{E293A703-5695-482B-94AA-BDF96D5393BA}.Debug|Any CPU.Build.0 = Debug|Any CPU
		{E293A703-5695-482B-94AA-BDF96D5393BA}.Release|Any CPU.ActiveCfg = Release|Any CPU
		{E293A703-5695-482B-94AA-BDF96D5393BA}.Release|Any CPU.Build.0 = Release|Any CPU
		{3D5BC926-D7C0-4D18-90CF-FA9093E3D7CF}.Debug|Any CPU.ActiveCfg = Debug|Any CPU
		{3D5BC926-D7C0-4D18-90CF-FA9093E3D7CF}.Debug|Any CPU.Build.0 = Debug|Any CPU
		{3D5BC926-D7C0-4D18-90CF-FA9093E3D7CF}.Release|Any CPU.ActiveCfg = Release|Any CPU
		{3D5BC926-D7C0-4D18-90CF-FA9093E3D7CF}.Release|Any CPU.Build.0 = Release|Any CPU
		{05070BFF-2028-4213-B82B-EEC9D1D5DDA3}.Debug|Any CPU.ActiveCfg = Debug|Any CPU
		{05070BFF-2028-4213-B82B-EEC9D1D5DDA3}.Debug|Any CPU.Build.0 = Debug|Any CPU
		{05070BFF-2028-4213-B82B-EEC9D1D5DDA3}.Release|Any CPU.ActiveCfg = Release|Any CPU
		{05070BFF-2028-4213-B82B-EEC9D1D5DDA3}.Release|Any CPU.Build.0 = Release|Any CPU
		{09C47D48-EB70-4A06-8BDF-17855F129381}.Debug|Any CPU.ActiveCfg = Debug|Any CPU
		{09C47D48-EB70-4A06-8BDF-17855F129381}.Debug|Any CPU.Build.0 = Debug|Any CPU
		{09C47D48-EB70-4A06-8BDF-17855F129381}.Release|Any CPU.ActiveCfg = Release|Any CPU
		{09C47D48-EB70-4A06-8BDF-17855F129381}.Release|Any CPU.Build.0 = Release|Any CPU
	EndGlobalSection
	GlobalSection(SolutionProperties) = preSolution
		HideSolutionNode = FALSE
	EndGlobalSection
	GlobalSection(ExtensibilityGlobals) = postSolution
		SolutionGuid = {24BDC346-07EB-4FDB-A784-3D8FABD9A3DC}
	EndGlobalSection
	GlobalSection(NestedProjects) = preSolution
		{9DF71141-7BB4-4A77-88FF-C63593A102CC} = {BE2D05B3-2267-4B3B-83B2-52D31BD8EBD7}
		{EA7BAF51-B283-4DB0-A4E4-FB7C25FA6E7A} = {BE2D05B3-2267-4B3B-83B2-52D31BD8EBD7}
		{27F2FA4D-7247-47B1-9588-06C1C7D6BA23} = {BE2D05B3-2267-4B3B-83B2-52D31BD8EBD7}
		{A5490BB5-A2C3-4839-AB94-2B91A18D73D8} = {633E5F66-2367-4B14-BFF1-41DE21241412}
		{72E74FBC-259F-4071-88EF-A7DE991ACAEF} = {633E5F66-2367-4B14-BFF1-41DE21241412}
		{2FD48DDC-90B7-4BE6-A02D-5EB5CDC99033} = {633E5F66-2367-4B14-BFF1-41DE21241412}
		{CC8EF2DD-4AC1-43E2-B669-34ABA0A16B65} = {18280BD6-E3BC-443F-A8DA-B4A5EEC3981D}
		{7B91FB41-1A52-4129-B0FB-2DB519D6D27E} = {18280BD6-E3BC-443F-A8DA-B4A5EEC3981D}
		{5A0F27C8-B4B6-4417-A83E-2EA104862E93} = {18280BD6-E3BC-443F-A8DA-B4A5EEC3981D}
		{5F01A435-2FD3-471D-832B-4412BA866F94} = {6AE6CBFC-045E-48DE-978D-66D8351E6D0B}
		{885C2723-49AF-46A1-AAB6-1651F5E6E103} = {6AE6CBFC-045E-48DE-978D-66D8351E6D0B}
		{E293A703-5695-482B-94AA-BDF96D5393BA} = {6AE6CBFC-045E-48DE-978D-66D8351E6D0B}
		{BE2D05B3-2267-4B3B-83B2-52D31BD8EBD7} = {BBBFCBC3-3AF4-4B6D-910D-2984CB76C3F7}
		{6AE6CBFC-045E-48DE-978D-66D8351E6D0B} = {BBBFCBC3-3AF4-4B6D-910D-2984CB76C3F7}
		{18280BD6-E3BC-443F-A8DA-B4A5EEC3981D} = {BBBFCBC3-3AF4-4B6D-910D-2984CB76C3F7}
		{633E5F66-2367-4B14-BFF1-41DE21241412} = {BBBFCBC3-3AF4-4B6D-910D-2984CB76C3F7}
		{4A0BFB97-6565-472D-A9B1-3DF458C5AF14} = {169522D1-42EE-4D6E-94D0-9FFB3C01F3C0}
		{3D5BC926-D7C0-4D18-90CF-FA9093E3D7CF} = {4A0BFB97-6565-472D-A9B1-3DF458C5AF14}
		{05070BFF-2028-4213-B82B-EEC9D1D5DDA3} = {4A0BFB97-6565-472D-A9B1-3DF458C5AF14}
		{09C47D48-EB70-4A06-8BDF-17855F129381} = {4A0BFB97-6565-472D-A9B1-3DF458C5AF14}
	EndGlobalSection
EndGlobal
